{
  "name": "GetThatJob",
  "lockfileVersion": 3,
  "requires": true,
  "packages": {
    "": {
      "devDependencies": {
        "@viz-js/viz": "3.30.0"
      }
    },
    "node_modules/@viz-js/viz": {
      "version": "3.30.0",
      "resolved": "https://registry.npmjs.org/@viz-js/viz/-/viz-3.30.0.tgz",
      "integrity": "sha512-2zmcP55QY44uQfZ+GvgNHmGd8S6KUD+2eMur9AbYybSzrOd/m8nMUg0ZircJNiJRKGgVBKAE8kh0hAwpUFUFQQ==",
      "dev": true,
      "license": "MIT"
    }
  }
}
